Microsoft Visual Studio Solution File, Format Version 12.00
# Visual Studio Version 17
VisualStudioVersion = 17.5.2.0
MinimumVisualStudioVersion = 10.0.40219.1
Project("{FAE04EC0-301F-11D3-BF4B-00C04F79EFBC}") = "GameAutomation", "GameAutomation.csproj", "{0C424DA2-7B9D-566E-0FF2-E6D969A4AE1E}"
EndProject
Global
	GlobalSection(SolutionConfigurationPlatforms) = preSolution
		Debug|Any CPU = Debug|Any CPU
		Release|Any CPU = Release|Any CPU
	EndGlobalSection
	GlobalSection(ProjectConfigurationPlatforms) = postSolution
		{0C424DA2-7B9D-566E-0FF2-E6D969A4AE1E}.Debug|Any CPU.ActiveCfg = Debug|Any CPU
		{0C424DA2-7B9D-566E-0FF2-E6D969A4AE1E}.Debug|Any CPU.Build.0 = Debug|Any CPU
		{0C424DA2-7B9D-566E-0FF2-E6D969A4AE1E}.Release|Any CPU.ActiveCfg = Release|Any CPU
		{0C424DA2-7B9D-566E-0FF2-E6D969A4AE1E}.Release|Any CPU.Build.0 = Release|Any CPU
	EndGlobalSection
	GlobalSection(SolutionProperties) = preSolution
		HideSolutionNode = FALSE
	EndGlobalSection
	GlobalSection(ExtensibilityGlobals) = postSolution
		SolutionGuid = {8CAC9A25-6878-4D96-B744-5821F213E4A0}
	EndGlobalSection
EndGlobal
